github.com/davecgh/go-spew v1.1.1 h1:vj9j/u1bqnvCEfJOwUhtlOARqs3+rkHYY13jYWTU97c=
github.com/pmezard/go-difflib v1.0.0 h1:4DBwDE0NGyQoBHbLQYPwSUPoCMWR5BEzIk/f1lZbAQM=
github.com/stretchr/testify v1.8.0 h1:pSgiaMZlXftHpm5L7V1+rVB+AZJydKsMxsQBIJw4PKk=
github.com/uiscsi/uiscsi v1.3.1 h1:49wH8iiCMsbMU3isGs9lXqxPyYM8dVgH9oUqL78DlQs=
github.com/uiscsi/uiscsi v1.3.1/go.mod h1:zwZnTjyfYVYJFeFJzxUHvStOJqub0fQ9NDSXpwldLfI=
github.com/uiscsi/uiscsi-tape v0.3.1 h1:Rb0e4OamD1vWa9C33g5ncr88OQmkQ+Ts4EcsIJsgLfs=
github.com/uiscsi/uiscsi-tape v0.3.1/go.mod h1:TywRHSSbw0Zjgb/X7EIh1mB6dVjopW89LIWnPLs577s=
go.uber.org/goleak v1.3.0 h1:2K3zAYmnTNqV73imy9J1T3WC+gmCePx2hEGkimedGto=
go.uber.org/goleak v1.3.0/go.mod h1:CoHD4mav9JJNrW/WLlf7HGZPjdw8EucARQHekz1X6bE=
gopkg.in/yaml.v3 v3.0.1 h1:fxVm/GzAzEWqLHuvctI91KS9hhNmmWOoWu0XTYJS7CA=
